
Microsoft Visual Studio Solution File, Format Version 12.00
# Visual Studio 15
VisualStudioVersion = 15.0.27703.2000
MinimumVisualStudioVersion = 10.0.40219.1
Project("{FAE04EC0-301F-11D3-BF4B-00C04F79EFBC}") = "DxLibUtilities", "DxLibUtilities\DxLibUtilities.csproj", "{9EBA38A3-BF2E-4B35-80E1-9372FDB5BB59}"
EndProject
Project("{FAE04EC0-301F-11D3-BF4B-00C04F79EFBC}") = "Diagram", "Diagram\Diagram.csproj", "{805B8754-7DBE-433A-A874-E7DD99C6CA27}"
EndProject
Project("{FAE04EC0-301F-11D3-BF4B-00C04F79EFBC}") = "Utilities", "Utilities\Utilities.csproj", "{FD6F17D8-4A94-4645-84B6-5810BC9D90EB}"
EndProject
Project("{FAE04EC0-301F-11D3-BF4B-00C04F79EFBC}") = "DiagramTest", "DiagramTest\DiagramTest.csproj", "{1AD6C173-327A-4B86-81CB-6669D766C425}"
EndProject
Project("{FAE04EC0-301F-11D3-BF4B-00C04F79EFBC}") = "DxLibrary", "DxLibrary\DxLibrary.csproj", "{43E26B34-895C-4AAB-92F0-5FCB7C3BD7B5}"
EndProject
Project("{FAE04EC0-301F-11D3-BF4B-00C04F79EFBC}") = "DXLibWrapper", "DXLibWrapper\DXLibWrapper.csproj", "{ACF1671A-E009-4613-8A49-6C43F0FA3EF7}"
EndProject
Global
	GlobalSection(SolutionConfigurationPlatforms) = preSolution
		Debug|Any CPU = Debug|Any CPU
		Debug|ARM = Debug|ARM
		Debug|x64 = Debug|x64
		Debug|x86 = Debug|x86
		Release|Any CPU = Release|Any CPU
		Release|ARM = Release|ARM
		Release|x64 = Release|x64
		Release|x86 = Release|x86
	EndGlobalSection
	GlobalSection(ProjectConfigurationPlatforms) = postSolution
		{9EBA38A3-BF2E-4B35-80E1-9372FDB5BB59}.Debug|Any CPU.ActiveCfg = Debug|Any CPU
		{9EBA38A3-BF2E-4B35-80E1-9372FDB5BB59}.Debug|Any CPU.Build.0 = Debug|Any CPU
		{9EBA38A3-BF2E-4B35-80E1-9372FDB5BB59}.Debug|ARM.ActiveCfg = Debug|Any CPU
		{9EBA38A3-BF2E-4B35-80E1-9372FDB5BB59}.Debug|ARM.Build.0 = Debug|Any CPU
		{9EBA38A3-BF2E-4B35-80E1-9372FDB5BB59}.Debug|x64.ActiveCfg = Debug|Any CPU
		{9EBA38A3-BF2E-4B35-80E1-9372FDB5BB59}.Debug|x64.Build.0 = Debug|Any CPU
		{9EBA38A3-BF2E-4B35-80E1-9372FDB5BB59}.Debug|x86.ActiveCfg = Debug|Any CPU
		{9EBA38A3-BF2E-4B35-80E1-9372FDB5BB59}.Debug|x86.Build.0 = Debug|Any CPU
		{9EBA38A3-BF2E-4B35-80E1-9372FDB5BB59}.Release|Any CPU.ActiveCfg = Release|Any CPU
		{9EBA38A3-BF2E-4B35-80E1-9372FDB5BB59}.Release|Any CPU.Build.0 = Release|Any CPU
		{9EBA38A3-BF2E-4B35-80E1-9372FDB5BB59}.Release|ARM.ActiveCfg = Release|Any CPU
		{9EBA38A3-BF2E-4B35-80E1-9372FDB5BB59}.Release|ARM.Build.0 = Release|Any CPU
		{9EBA38A3-BF2E-4B35-80E1-9372FDB5BB59}.Release|x64.ActiveCfg = Release|Any CPU
		{9EBA38A3-BF2E-4B35-80E1-9372FDB5BB59}.Release|x64.Build.0 = Release|Any CPU
		{9EBA38A3-BF2E-4B35-80E1-9372FDB5BB59}.Release|x86.ActiveCfg = Release|Any CPU
		{9EBA38A3-BF2E-4B35-80E1-9372FDB5BB59}.Release|x86.Build.0 = Release|Any CPU
		{805B8754-7DBE-433A-A874-E7DD99C6CA27}.Debug|Any CPU.ActiveCfg = Debug|Any CPU
		{805B8754-7DBE-433A-A874-E7DD99C6CA27}.Debug|Any CPU.Build.0 = Debug|Any CPU
		{805B8754-7DBE-433A-A874-E7DD99C6CA27}.Debug|ARM.ActiveCfg = Debug|Any CPU
		{805B8754-7DBE-433A-A874-E7DD99C6CA27}.Debug|ARM.Build.0 = Debug|Any CPU
		{805B8754-7DBE-433A-A874-E7DD99C6CA27}.Debug|x64.ActiveCfg = Debug|Any CPU
		{805B8754-7DBE-433A-A874-E7DD99C6CA27}.Debug|x64.Build.0 = Debug|Any CPU
		{805B8754-7DBE-433A-A874-E7DD99C6CA27}.Debug|x86.ActiveCfg = Debug|Any CPU
		{805B8754-7DBE-433A-A874-E7DD99C6CA27}.Debug|x86.Build.0 = Debug|Any CPU
		{805B8754-7DBE-433A-A874-E7DD99C6CA27}.Release|Any CPU.ActiveCfg = Release|Any CPU
		{805B8754-7DBE-433A-A874-E7DD99C6CA27}.Release|Any CPU.Build.0 = Release|Any CPU
		{805B8754-7DBE-433A-A874-E7DD99C6CA27}.Release|ARM.ActiveCfg = Release|Any CPU
		{805B8754-7DBE-433A-A874-E7DD99C6CA27}.Release|ARM.Build.0 = Release|Any CPU
		{805B8754-7DBE-433A-A874-E7DD99C6CA27}.Release|x64.ActiveCfg = Release|Any CPU
		{805B8754-7DBE-433A-A874-E7DD99C6CA27}.Release|x64.Build.0 = Release|Any CPU
		{805B8754-7DBE-433A-A874-E7DD99C6CA27}.Release|x86.ActiveCfg = Release|Any CPU
		{805B8754-7DBE-433A-A874-E7DD99C6CA27}.Release|x86.Build.0 = Release|Any CPU
		{FD6F17D8-4A94-4645-84B6-5810BC9D90EB}.Debug|Any CPU.ActiveCfg = Debug|Any CPU
		{FD6F17D8-4A94-4645-84B6-5810BC9D90EB}.Debug|Any CPU.Build.0 = Debug|Any CPU
		{FD6F17D8-4A94-4645-84B6-5810BC9D90EB}.Debug|ARM.ActiveCfg = Debug|Any CPU
		{FD6F17D8-4A94-4645-84B6-5810BC9D90EB}.Debug|ARM.Build.0 = Debug|Any CPU
		{FD6F17D8-4A94-4645-84B6-5810BC9D90EB}.Debug|x64.ActiveCfg = Debug|Any CPU
		{FD6F17D8-4A94-4645-84B6-5810BC9D90EB}.Debug|x64.Build.0 = Debug|Any CPU
		{FD6F17D8-4A94-4645-84B6-5810BC9D90EB}.Debug|x86.ActiveCfg = Debug|Any CPU
		{FD6F17D8-4A94-4645-84B6-5810BC9D90EB}.Debug|x86.Build.0 = Debug|Any CPU
		{FD6F17D8-4A94-4645-84B6-5810BC9D90EB}.Release|Any CPU.ActiveCfg = Release|Any CPU
		{FD6F17D8-4A94-4645-84B6-5810BC9D90EB}.Release|Any CPU.Build.0 = Release|Any CPU
		{FD6F17D8-4A94-4645-84B6-5810BC9D90EB}.Release|ARM.ActiveCfg = Release|Any CPU
		{FD6F17D8-4A94-4645-84B6-5810BC9D90EB}.Release|ARM.Build.0 = Release|Any CPU
		{FD6F17D8-4A94-4645-84B6-5810BC9D90EB}.Release|x64.ActiveCfg = Release|Any CPU
		{FD6F17D8-4A94-4645-84B6-5810BC9D90EB}.Release|x64.Build.0 = Release|Any CPU
		{FD6F17D8-4A94-4645-84B6-5810BC9D90EB}.Release|x86.ActiveCfg = Release|Any CPU
		{FD6F17D8-4A94-4645-84B6-5810BC9D90EB}.Release|x86.Build.0 = Release|Any CPU
		{1AD6C173-327A-4B86-81CB-6669D766C425}.Debug|Any CPU.ActiveCfg = Debug|Any CPU
		{1AD6C173-327A-4B86-81CB-6669D766C425}.Debug|Any CPU.Build.0 = Debug|Any CPU
		{1AD6C173-327A-4B86-81CB-6669D766C425}.Debug|ARM.ActiveCfg = Debug|Any CPU
		{1AD6C173-327A-4B86-81CB-6669D766C425}.Debug|ARM.Build.0 = Debug|Any CPU
		{1AD6C173-327A-4B86-81CB-6669D766C425}.Debug|x64.ActiveCfg = Debug|Any CPU
		{1AD6C173-327A-4B86-81CB-6669D766C425}.Debug|x64.Build.0 = Debug|Any CPU
		{1AD6C173-327A-4B86-81CB-6669D766C425}.Debug|x86.ActiveCfg = Debug|Any CPU
		{1AD6C173-327A-4B86-81CB-6669D766C425}.Debug|x86.Build.0 = Debug|Any CPU
		{1AD6C173-327A-4B86-81CB-6669D766C425}.Release|Any CPU.ActiveCfg = Release|Any CPU
		{1AD6C173-327A-4B86-81CB-6669D766C425}.Release|Any CPU.Build.0 = Release|Any CPU
		{1AD6C173-327A-4B86-81CB-6669D766C425}.Release|ARM.ActiveCfg = Release|Any CPU
		{1AD6C173-327A-4B86-81CB-6669D766C425}.Release|ARM.Build.0 = Release|Any CPU
		{1AD6C173-327A-4B86-81CB-6669D766C425}.Release|x64.ActiveCfg = Release|Any CPU
		{1AD6C173-327A-4B86-81CB-6669D766C425}.Release|x64.Build.0 = Release|Any CPU
		{1AD6C173-327A-4B86-81CB-6669D766C425}.Release|x86.ActiveCfg = Release|Any CPU
		{1AD6C173-327A-4B86-81CB-6669D766C425}.Release|x86.Build.0 = Release|Any CPU
		{43E26B34-895C-4AAB-92F0-5FCB7C3BD7B5}.Debug|Any CPU.ActiveCfg = Debug|Any CPU
		{43E26B34-895C-4AAB-92F0-5FCB7C3BD7B5}.Debug|Any CPU.Build.0 = Debug|Any CPU
		{43E26B34-895C-4AAB-92F0-5FCB7C3BD7B5}.Debug|ARM.ActiveCfg = Debug|Any CPU
		{43E26B34-895C-4AAB-92F0-5FCB7C3BD7B5}.Debug|ARM.Build.0 = Debug|Any CPU
		{43E26B34-895C-4AAB-92F0-5FCB7C3BD7B5}.Debug|x64.ActiveCfg = Debug|Any CPU
		{43E26B34-895C-4AAB-92F0-5FCB7C3BD7B5}.Debug|x64.Build.0 = Debug|Any CPU
		{43E26B34-895C-4AAB-92F0-5FCB7C3BD7B5}.Debug|x86.ActiveCfg = Debug|Any CPU
		{43E26B34-895C-4AAB-92F0-5FCB7C3BD7B5}.Debug|x86.Build.0 = Debug|Any CPU
		{43E26B34-895C-4AAB-92F0-5FCB7C3BD7B5}.Release|Any CPU.ActiveCfg = Release|Any CPU
		{43E26B34-895C-4AAB-92F0-5FCB7C3BD7B5}.Release|Any CPU.Build.0 = Release|Any CPU
		{43E26B34-895C-4AAB-92F0-5FCB7C3BD7B5}.Release|ARM.ActiveCfg = Release|Any CPU
		{43E26B34-895C-4AAB-92F0-5FCB7C3BD7B5}.Release|ARM.Build.0 = Release|Any CPU
		{43E26B34-895C-4AAB-92F0-5FCB7C3BD7B5}.Release|x64.ActiveCfg = Release|Any CPU
		{43E26B34-895C-4AAB-92F0-5FCB7C3BD7B5}.Release|x64.Build.0 = Release|Any CPU
		{43E26B34-895C-4AAB-92F0-5FCB7C3BD7B5}.Release|x86.ActiveCfg = Release|Any CPU
		{43E26B34-895C-4AAB-92F0-5FCB7C3BD7B5}.Release|x86.Build.0 = Release|Any CPU
		{ACF1671A-E009-4613-8A49-6C43F0FA3EF7}.Debug|Any CPU.ActiveCfg = Debug|Any CPU
		{ACF1671A-E009-4613-8A49-6C43F0FA3EF7}.Debug|Any CPU.Build.0 = Debug|Any CPU
		{ACF1671A-E009-4613-8A49-6C43F0FA3EF7}.Debug|ARM.ActiveCfg = Debug|Any CPU
		{ACF1671A-E009-4613-8A49-6C43F0FA3EF7}.Debug|ARM.Build.0 = Debug|Any CPU
		{ACF1671A-E009-4613-8A49-6C43F0FA3EF7}.Debug|x64.ActiveCfg = Debug|Any CPU
		{ACF1671A-E009-4613-8A49-6C43F0FA3EF7}.Debug|x64.Build.0 = Debug|Any CPU
		{ACF1671A-E009-4613-8A49-6C43F0FA3EF7}.Debug|x86.ActiveCfg = Debug|Any CPU
		{ACF1671A-E009-4613-8A49-6C43F0FA3EF7}.Debug|x86.Build.0 = Debug|Any CPU
		{ACF1671A-E009-4613-8A49-6C43F0FA3EF7}.Release|Any CPU.ActiveCfg = Release|Any CPU
		{ACF1671A-E009-4613-8A49-6C43F0FA3EF7}.Release|Any CPU.Build.0 = Release|Any CPU
		{ACF1671A-E009-4613-8A49-6C43F0FA3EF7}.Release|ARM.ActiveCfg = Release|Any CPU
		{ACF1671A-E009-4613-8A49-6C43F0FA3EF7}.Release|ARM.Build.0 = Release|Any CPU
		{ACF1671A-E009-4613-8A49-6C43F0FA3EF7}.Release|x64.ActiveCfg = Release|Any CPU
		{ACF1671A-E009-4613-8A49-6C43F0FA3EF7}.Release|x64.Build.0 = Release|Any CPU
		{ACF1671A-E009-4613-8A49-6C43F0FA3EF7}.Release|x86.ActiveCfg = Release|Any CPU
		{ACF1671A-E009-4613-8A49-6C43F0FA3EF7}.Release|x86.Build.0 = Release|Any CPU
	EndGlobalSection
	GlobalSection(SolutionProperties) = preSolution
		HideSolutionNode = FALSE
	EndGlobalSection
	GlobalSection(ExtensibilityGlobals) = postSolution
		SolutionGuid = {F456BE91-3609-49C3-80DC-9A2F302EAABC}
	EndGlobalSection
EndGlobal
